
Microsoft Visual Studio Solution File, Format Version 12.00
# Visual Studio Version 17
VisualStudioVersion = 17.2.32616.157
MinimumVisualStudioVersion = 10.0.40219.1
Project("{FAE04EC0-301F-11D3-BF4B-00C04F79EFBC}") = "eTickets", "eTickets\eTickets.csproj", "{12F12B94-A725-4CF6-A6ED-959B0B26E290}"
EndProject
Global
	GlobalSection(SolutionConfigurationPlatforms) = preSolution
		Debug|Any CPU = Debug|Any CPU
		Release|Any CPU = Release|Any CPU
	EndGlobalSection
	GlobalSection(ProjectConfigurationPlatforms) = postSolution
		{12F12B94-A725-4CF6-A6ED-959B0B26E290}.Debug|Any CPU.ActiveCfg = Debug|Any CPU
		{12F12B94-A725-4CF6-A6ED-959B0B26E290}.Debug|Any CPU.Build.0 = Debug|Any CPU
		{12F12B94-A725-4CF6-A6ED-959B0B26E290}.Release|Any CPU.ActiveCfg = Release|Any CPU
		{12F12B94-A725-4CF6-A6ED-959B0B26E290}.Release|Any CPU.Build.0 = Release|Any CPU
	EndGlobalSection
	GlobalSection(SolutionProperties) = preSolution
		HideSolutionNode = FALSE
	EndGlobalSection
	GlobalSection(ExtensibilityGlobals) = postSolution
		SolutionGuid = {64C27672-E4F7-454C-984D-8D3D736097A9}
	EndGlobalSection
EndGlobal
